
Microsoft Visual Studio Solution File, Format Version 12.00
# Visual Studio 14
VisualStudioVersion = 14.0.25420.1
MinimumVisualStudioVersion = 10.0.40219.1
Project("{FAE04EC0-301F-11D3-BF4B-00C04F79EFBC}") = "FindRightSibling", "FindRightSibling\FindRightSibling.csproj", "{DECC1A72-9FEC-4A1A-A302-985E4E5EAAFC}"
EndProject
Global
	GlobalSection(SolutionConfigurationPlatforms) = preSolution
		Debug|Any CPU = Debug|Any CPU
		Release|Any CPU = Release|Any CPU
	EndGlobalSection
	GlobalSection(ProjectConfigurationPlatforms) = postSolution
		{DECC1A72-9FEC-4A1A-A302-985E4E5EAAFC}.Debug|Any CPU.ActiveCfg = Debug|Any CPU
		{DECC1A72-9FEC-4A1A-A302-985E4E5EAAFC}.Debug|Any CPU.Build.0 = Debug|Any CPU
		{DECC1A72-9FEC-4A1A-A302-985E4E5EAAFC}.Release|Any CPU.ActiveCfg = Release|Any CPU
		{DECC1A72-9FEC-4A1A-A302-985E4E5EAAFC}.Release|Any CPU.Build.0 = Release|Any CPU
	EndGlobalSection
	GlobalSection(SolutionProperties) = preSolution
		HideSolutionNode = FALSE
	EndGlobalSection
EndGlobal
